// !$*UTF8*$!
{
	archiveVersion = 1;
	classes = {
	};
	objectVersion = 46;
	objects = {

/* Begin PBXBuildFile section */
		32ED39E11DA6E2A400662451 /* main.cpp in Sources */ = {isa = PBXBuildFile; fileRef = 32ED39E01DA6E2A400662451 /* main.cpp */; };
		32ED39E91DA6E32100662451 /* Movie.cpp in Sources */ = {isa = PBXBuildFile; fileRef = 32ED39E71DA6E32100662451 /* Movie.cpp */; };
		32ED39EC1DA6E34500662451 /* Theater.cpp in Sources */ = {isa = PBXBuildFile; fileRef = 32ED39EA1DA6E34500662451 /* Theater.cpp */; };
/* End PBXBuildFile section */

/* Begin PBXCopyFilesBuildPhase section */
		32ED39DB1DA6E2A400662451 /* CopyFiles */ = {
			isa = PBXCopyFilesBuildPhase;
			buildActionMask = 2147483647;
			dstPath = /usr/share/man/man1/;
			dstSubfolderSpec = 0;
			files = (
			);
			runOnlyForDeploymentPostprocessing = 1;
		};
/* End PBXCopyFilesBuildPhase section */

/* Begin PBXFileReference section */
		32ED39DD1DA6E2A400662451 /* CS172 Exam 1 */ = {isa = PBXFileReference; explicitFileType = "compiled.mach-o.executable"; includeInIndex = 0; path = "CS172 Exam 1"; sourceTree = BUILT_PRODUCTS_DIR; };
		32ED39E01DA6E2A400662451 /* main.cpp */ = {isa = PBXFileReference; lastKnownFileType = sourcecode.cpp.cpp; path = main.cpp; sourceTree = "<group>"; };
		32ED39E71DA6E32100662451 /* Movie.cpp */ = {isa = PBXFileReference; fileEncoding = 4; lastKnownFileType = sourcecode.cpp.cpp; path = Movie.cpp; sourceTree = "<group>"; };
		32ED39E81DA6E32100662451 /* Movie.hpp */ = {isa = PBXFileReference; fileEncoding = 4; lastKnownFileType = sourcecode.cpp.h; path = Movie.hpp; sourceTree = "<group>"; };
		32ED39EA1DA6E34500662451 /* Theater.cpp */ = {isa = PBXFileReference; fileEncoding = 4; lastKnownFileType = sourcecode.cpp.cpp; path = Theater.cpp; sourceTree = "<group>"; };
		32ED39EB1DA6E34500662451 /* Theater.hpp */ = {isa = PBXFileReference; fileEncoding = 4; lastKnownFileType = sourcecode.cpp.h; path = Theater.hpp; sourceTree = "<group>"; };
/* End PBXFileReference section */

/* Begin PBXFrameworksBuildPhase section */
		32ED39DA1DA6E2A400662451 /* Frameworks */ = {
			isa = PBXFrameworksBuildPhase;
			buildActionMask = 2147483647;
			files = (
			);
			runOnlyForDeploymentPostprocessing = 0;
		};
/* End PBXFrameworksBuildPhase section */

/* Begin PBXGroup section */
		32ED39D41DA6E2A400662451 = {
			isa = PBXGroup;
			children = (
				32ED39DF1DA6E2A400662451 /* CS172 Exam 1 */,
				32ED39DE1DA6E2A400662451 /* Products */,
			);
			sourceTree = "<group>";
		};
		32ED39DE1DA6E2A400662451 /* Products */ = {
			isa = PBXGroup;
			children = (
				32ED39DD1DA6E2A400662451 /* CS172 Exam 1 */,
			);
			name = Products;
			sourceTree = "<group>";
		};
		32ED39DF1DA6E2A400662451 /* CS172 Exam 1 */ = {
			isa = PBXGroup;
			children = (
				32ED39E01DA6E2A400662451 /* main.cpp */,
				32ED39E71DA6E32100662451 /* Movie.cpp */,
				32ED39E81DA6E32100662451 /* Movie.hpp */,
				32ED39EA1DA6E34500662451 /* Theater.cpp */,
				32ED39EB1DA6E34500662451 /* Theater.hpp */,
			);
			path = "CS172 Exam 1";
			sourceTree = "<group>";
		};
/* End PBXGroup section */

/* Begin PBXNativeTarget section */
		32ED39DC1DA6E2A400662451 /* CS172 Exam 1 */ = {
			isa = PBXNativeTarget;
			buildConfigurationList = 32ED39E41DA6E2A400662451 /* Build configuration list for PBXNativeTarget "CS172 Exam 1" */;
			buildPhases = (
				32ED39D91DA6E2A400662451 /* Sources */,
				32ED39DA1DA6E2A400662451 /* Frameworks */,
				32ED39DB1DA6E2A400662451 /* CopyFiles */,
			);
			buildRules = (
			);
			dependencies = (
			);
			name = "CS172 Exam 1";
			productName = "CS172 Exam 1";
			productReference = 32ED39DD1DA6E2A400662451 /* CS172 Exam 1 */;
			productType = "com.apple.product-type.tool";
		};
/* End PBXNativeTarget section */

/* Begin PBXProject section */
		32ED39D51DA6E2A400662451 /* Project object */ = {
			isa = PBXProject;
			attributes = {
				LastUpgradeCheck = 0800;
				ORGANIZATIONNAME = "Cheree LaPierre";
				TargetAttributes = {
					32ED39DC1DA6E2A400662451 = {
						CreatedOnToolsVersion = 8.0;
						ProvisioningStyle = Automatic;
					};
				};
			};
			buildConfigurationList = 32ED39D81DA6E2A400662451 /* Build configuration list for PBXProject "CS172 Exam 1" */;
			compatibilityVersion = "Xcode 3.2";
			developmentRegion = English;
			hasScannedForEncodings = 0;
			knownRegions = (
				en,
			);
			mainGroup = 32ED39D41DA6E2A400662451;
			productRefGroup = 32ED39DE1DA6E2A400662451 /* Products */;
			projectDirPath = "";
			projectRoot = "";
			targets = (
				32ED39DC1DA6E2A400662451 /* CS172 Exam 1 */,
			);
		};
/* End PBXProject section */

/* Begin PBXSourcesBuildPhase section */
		32ED39D91DA6E2A400662451 /* Sources */ = {
			isa = PBXSourcesBuildPhase;
			buildActionMask = 2147483647;
			files = (
				32ED39E91DA6E32100662451 /* Movie.cpp in Sources */,
				32ED39EC1DA6E34500662451 /* Theater.cpp in Sources */,
				32ED39E11DA6E2A400662451 /* main.cpp in Sources */,
			);
			runOnlyForDeploymentPostprocessing = 0;
		};
/* End PBXSourcesBuildPhase section */

/* Begin XCBuildConfiguration section */
		32ED39E21DA6E2A400662451 /* Debug */ = {
			isa = XCBuildConfiguration;
			buildSettings = {
				ALWAYS_SEARCH_USER_PATHS = NO;
				CLANG_ANALYZER_NONNULL = YES;
				CLANG_CXX_LANGUAGE_STANDARD = "gnu++0x";
				CLANG_CXX_LIBRARY = "libc++";
				CLANG_ENABLE_MODULES = YES;
				CLANG_ENABLE_OBJC_ARC = YES;
				CLANG_WARN_BOOL_CONVERSION = YES;
				CLANG_WARN_CONSTANT_CONVERSION = YES;
				CLANG_WARN_DIRECT_OBJC_ISA_USAGE = YES_ERROR;
				CLANG_WARN_DOCUMENTATION_COMMENTS = YES;
				CLANG_WARN_EMPTY_BODY = YES;
				CLANG_WARN_ENUM_CONVERSION = YES;
				CLANG_WARN_INFINITE_RECURSION = YES;
				CLANG_WARN_INT_CONVERSION = YES;
				CLANG_WARN_OBJC_ROOT_CLASS = YES_ERROR;
				CLANG_WARN_SUSPICIOUS_MOVES = YES;
				CLANG_WARN_UNREACHABLE_CODE = YES;
				CLANG_WARN__DUPLICATE_METHOD_MATCH = YES;
				CODE_SIGN_IDENTITY = "-";
				COPY_PHASE_STRIP = NO;
				DEBUG_INFORMATION_FORMAT = dwarf;
				ENABLE_STRICT_OBJC_MSGSEND = YES;
				ENABLE_TESTABILITY = YES;
				GCC_C_LANGUAGE_STANDARD = gnu99;
				GCC_DYNAMIC_NO_PIC = NO;
				GCC_NO_COMMON_BLOCKS = YES;
				GCC_OPTIMIZATION_LEVEL = 0;
				GCC_PREPROCESSOR_DEFINITIONS = (
					"DEBUG=1",
					"$(inherited)",
				);
				GCC_WARN_64_TO_32_BIT_CONVERSION = YES;
				GCC_WARN_ABOUT_RETURN_TYPE = YES_ERROR;
				GCC_WARN_UNDECLARED_SELECTOR = YES;
				GCC_WARN_UNINITIALIZED_AUTOS = YES_AGGRESSIVE;
				GCC_WARN_UNUSED_FUNCTION = YES;
				GCC_WARN_UNUSED_VARIABLE = YES;
				MACOSX_DEPLOYMENT_TARGET = 10.12;
				MTL_ENABLE_DEBUG_INFO = YES;
				ONLY_ACTIVE_ARCH = YES;
				SDKROOT = macosx;
			};
			name = Debug;
		};
		32ED39E31DA6E2A400662451 /* Release */ = {
			isa = XCBuildConfiguration;
			buildSettings = {
				ALWAYS_SEARCH_USER_PATHS = NO;
				CLANG_ANALYZER_NONNULL = YES;
				CLANG_CXX_LANGUAGE_STANDARD = "gnu++0x";
				CLANG_CXX_LIBRARY = "libc++";
				CLANG_ENABLE_MODULES = YES;
				CLANG_ENABLE_OBJC_ARC = YES;
				CLANG_WARN_BOOL_CONVERSION = YES;
				CLANG_WARN_CONSTANT_CONVERSION = YES;
				CLANG_WARN_DIRECT_OBJC_ISA_USAGE = YES_ERROR;
				CLANG_WARN_DOCUMENTATION_COMMENTS = YES;
				CLANG_WARN_EMPTY_BODY = YES;
				CLANG_WARN_ENUM_CONVERSION = YES;
				CLANG_WARN_INFINITE_RECURSION = YES;
				CLANG_WARN_INT_CONVERSION = YES;
				CLANG_WARN_OBJC_ROOT_CLASS = YES_ERROR;
				CLANG_WARN_SUSPICIOUS_MOVES = YES;
				CLANG_WARN_UNREACHABLE_CODE = YES;
				CLANG_WARN__DUPLICATE_METHOD_MATCH = YES;
				CODE_SIGN_IDENTITY = "-";
				COPY_PHASE_STRIP = NO;
				DEBUG_INFORMATION_FORMAT = "dwarf-with-dsym";
				ENABLE_NS_ASSERTIONS = NO;
				ENABLE_STRICT_OBJC_MSGSEND = YES;
				GCC_C_LANGUAGE_STANDARD = gnu99;
				GCC_NO_COMMON_BLOCKS = YES;
				GCC_WARN_64_TO_32_BIT_CONVERSION = YES;
				GCC_WARN_ABOUT_RETURN_TYPE = YES_ERROR;
				GCC_WARN_UNDECLARED_SELECTOR = YES;
				GCC_WARN_UNINITIALIZED_AUTOS = YES_AGGRESSIVE;
				GCC_WARN_UNUSED_FUNCTION = YES;
				GCC_WARN_UNUSED_VARIABLE = YES;
				MACOSX_DEPLOYMENT_TARGET = 10.12;
				MTL_ENABLE_DEBUG_INFO = NO;
				SDKROOT = macosx;
			};
			name = Release;
		};
		32ED39E51DA6E2A400662451 /* Debug */ = {
			isa = XCBuildConfiguration;
			buildSettings = {
				PRODUCT_NAME = "$(TARGET_NAME)";
			};
			name = Debug;
		};
		32ED39E61DA6E2A400662451 /* Release */ = {
			isa = XCBuildConfiguration;
			buildSettings = {
				PRODUCT_NAME = "$(TARGET_NAME)";
			};
			name = Release;
		};
/* End XCBuildConfiguration section */

/* Begin XCConfigurationList section */
		32ED39D81DA6E2A400662451 /* Build configuration list for PBXProject "CS172 Exam 1" */ = {
			isa = XCConfigurationList;
			buildConfigurations = (
				32ED39E21DA6E2A400662451 /* Debug */,
				32ED39E31DA6E2A400662451 /* Release */,
			);
			defaultConfigurationIsVisible = 0;
			defaultConfigurationName = Release;
		};
		32ED39E41DA6E2A400662451 /* Build configuration list for PBXNativeTarget "CS172 Exam 1" */ = {
			isa = XCConfigurationList;
			buildConfigurations = (
				32ED39E51DA6E2A400662451 /* Debug */,
				32ED39E61DA6E2A400662451 /* Release */,
			);
			defaultConfigurationIsVisible = 0;
		};
/* End XCConfigurationList section */
	};
	rootObject = 32ED39D51DA6E2A400662451 /* Project object */;
}
